<Solution>
  <Project Path="Cyival.Build.Cli\Cyival.Build.Cli.csproj" Type="C#" />
  <Project Path="Cyival.Build.Plugin.Default/Cyival.Build.Plugin.Default.csproj" Type="C#" />
  <Project Path="Cyival.Build.Tests\Cyival.Build.Tests.csproj" Type="C#" />
  <Project Path="Cyival.Build\Cyival.Build.csproj" Type="C#" />
</Solution>